// !$*UTF8*$!
{
	archiveVersion = 1;
	classes = {
	};
	objectVersion = 46;
	objects = {

/* Begin PBXBuildFile section */
		006D720419952D00008149E2 /* AVFoundation.framework in Frameworks */ = {isa = PBXBuildFile; fileRef = 006D720219952D00008149E2 /* AVFoundation.framework */; };
		006D720519952D00008149E2 /* CoreMedia.framework in Frameworks */ = {isa = PBXBuildFile; fileRef = 006D720319952D00008149E2 /* CoreMedia.framework */; };
		0091D8F90E81B9330029341E /* OpenGL.framework in Frameworks */ = {isa = PBXBuildFile; fileRef = 0091D8F80E81B9330029341E /* OpenGL.framework */; };
		00B784B30FF439BC000DE1D7 /* Accelerate.framework in Frameworks */ = {isa = PBXBuildFile; fileRef = 00B784AF0FF439BC000DE1D7 /* Accelerate.framework */; };
		00B784B40FF439BC000DE1D7 /* AudioToolbox.framework in Frameworks */ = {isa = PBXBuildFile; fileRef = 00B784B00FF439BC000DE1D7 /* AudioToolbox.framework */; };
		00B784B50FF439BC000DE1D7 /* AudioUnit.framework in Frameworks */ = {isa = PBXBuildFile; fileRef = 00B784B10FF439BC000DE1D7 /* AudioUnit.framework */; };
		00B784B60FF439BC000DE1D7 /* CoreAudio.framework in Frameworks */ = {isa = PBXBuildFile; fileRef = 00B784B20FF439BC000DE1D7 /* CoreAudio.framework */; };
		00B9955A1B128DF400A5C623 /* IOKit.framework in Frameworks */ = {isa = PBXBuildFile; fileRef = 00B995581B128DF400A5C623 /* IOKit.framework */; };
		00B9955B1B128DF400A5C623 /* IOSurface.framework in Frameworks */ = {isa = PBXBuildFile; fileRef = 00B995591B128DF400A5C623 /* IOSurface.framework */; };
		030EBA09AE2C4BF095C881CE /* CinderApp.icns in Resources */ = {isa = PBXBuildFile; fileRef = 82903DF1EC7A4F11B3A7721A /* CinderApp.icns */; };
		32916C46A59A48A399CFC8E8 /* unix.cc in Sources */ = {isa = PBXBuildFile; fileRef = 625EBEDB56D3430F98B98845 /* unix.cc */; };
		362F295907FC40E89392A557 /* list_ports_osx.cc in Sources */ = {isa = PBXBuildFile; fileRef = F63D9BB3257A4436BAA3F1D8 /* list_ports_osx.cc */; };
		3EEC5B9CCFF54CD9B98A8A58 /* ColorPickerApp.cpp in Sources */ = {isa = PBXBuildFile; fileRef = E575BDE517B04D29991A59C8 /* ColorPickerApp.cpp */; };
		496EA6B4965D42BE8F87BF95 /* list_ports_win.cc in Sources */ = {isa = PBXBuildFile; fileRef = 5F0AAEB92F374748A5D85608 /* list_ports_win.cc */; };
		5323E6B20EAFCA74003A9687 /* CoreVideo.framework in Frameworks */ = {isa = PBXBuildFile; fileRef = 5323E6B10EAFCA74003A9687 /* CoreVideo.framework */; };
		824D92A05D5348CE82EACC16 /* serial.cc in Sources */ = {isa = PBXBuildFile; fileRef = E86B260413AC47EAB5114F28 /* serial.cc */; };
		8D11072F0486CEB800E47090 /* Cocoa.framework in Frameworks */ = {isa = PBXBuildFile; fileRef = 1058C7A1FEA54F0111CA2CBB /* Cocoa.framework */; };
		B4420CF5F7DD4D53ABBA446E /* list_ports_linux.cc in Sources */ = {isa = PBXBuildFile; fileRef = A3FCD4885ED843099809B6B7 /* list_ports_linux.cc */; };
		C12B7445E75B4EA6BAE6D5B9 /* SerialDevice.cpp in Sources */ = {isa = PBXBuildFile; fileRef = 166EEEFF86D24343B4F9B3FE /* SerialDevice.cpp */; };
		E0A056E4375445AFAD4D995F /* win.cc in Sources */ = {isa = PBXBuildFile; fileRef = D7FAA263DAA245C9A3263229 /* win.cc */; };
/* End PBXBuildFile section */

/* Begin PBXFileReference section */
		006D720219952D00008149E2 /* AVFoundation.framework */ = {isa = PBXFileReference; lastKnownFileType = wrapper.framework; name = AVFoundation.framework; path = System/Library/Frameworks/AVFoundation.framework; sourceTree = SDKROOT; };
		006D720319952D00008149E2 /* CoreMedia.framework */ = {isa = PBXFileReference; lastKnownFileType = wrapper.framework; name = CoreMedia.framework; path = System/Library/Frameworks/CoreMedia.framework; sourceTree = SDKROOT; };
		0091D8F80E81B9330029341E /* OpenGL.framework */ = {isa = PBXFileReference; lastKnownFileType = wrapper.framework; name = OpenGL.framework; path = /System/Library/Frameworks/OpenGL.framework; sourceTree = "<absolute>"; };
		00B784AF0FF439BC000DE1D7 /* Accelerate.framework */ = {isa = PBXFileReference; lastKnownFileType = wrapper.framework; name = Accelerate.framework; path = System/Library/Frameworks/Accelerate.framework; sourceTree = SDKROOT; };
		00B784B00FF439BC000DE1D7 /* AudioToolbox.framework */ = {isa = PBXFileReference; lastKnownFileType = wrapper.framework; name = AudioToolbox.framework; path = System/Library/Frameworks/AudioToolbox.framework; sourceTree = SDKROOT; };
		00B784B10FF439BC000DE1D7 /* AudioUnit.framework */ = {isa = PBXFileReference; lastKnownFileType = wrapper.framework; name = AudioUnit.framework; path = System/Library/Frameworks/AudioUnit.framework; sourceTree = SDKROOT; };
		00B784B20FF439BC000DE1D7 /* CoreAudio.framework */ = {isa = PBXFileReference; lastKnownFileType = wrapper.framework; name = CoreAudio.framework; path = System/Library/Frameworks/CoreAudio.framework; sourceTree = SDKROOT; };
		00B995581B128DF400A5C623 /* IOKit.framework */ = {isa = PBXFileReference; lastKnownFileType = wrapper.framework; name = IOKit.framework; path = System/Library/Frameworks/IOKit.framework; sourceTree = SDKROOT; };
		00B995591B128DF400A5C623 /* IOSurface.framework */ = {isa = PBXFileReference; lastKnownFileType = wrapper.framework; name = IOSurface.framework; path = System/Library/Frameworks/IOSurface.framework; sourceTree = SDKROOT; };
		074812678EBF424DB11AF23D /* v8stdint.h */ = {isa = PBXFileReference; lastKnownFileType = sourcecode.c.h; name = v8stdint.h; path = ../../../lib/serial/include/serial/v8stdint.h; sourceTree = "<group>"; };
		1058C7A1FEA54F0111CA2CBB /* Cocoa.framework */ = {isa = PBXFileReference; lastKnownFileType = wrapper.framework; name = Cocoa.framework; path = /System/Library/Frameworks/Cocoa.framework; sourceTree = "<absolute>"; };
		166EEEFF86D24343B4F9B3FE /* SerialDevice.cpp */ = {isa = PBXFileReference; lastKnownFileType = sourcecode.c.cpp; name = SerialDevice.cpp; path = ../../../src/SerialDevice.cpp; sourceTree = "<group>"; };
		29B97324FDCFA39411CA2CEA /* AppKit.framework */ = {isa = PBXFileReference; lastKnownFileType = wrapper.framework; name = AppKit.framework; path = /System/Library/Frameworks/AppKit.framework; sourceTree = "<absolute>"; };
		29B97325FDCFA39411CA2CEA /* Foundation.framework */ = {isa = PBXFileReference; lastKnownFileType = wrapper.framework; name = Foundation.framework; path = /System/Library/Frameworks/Foundation.framework; sourceTree = "<absolute>"; };
		5323E6B10EAFCA74003A9687 /* CoreVideo.framework */ = {isa = PBXFileReference; lastKnownFileType = wrapper.framework; name = CoreVideo.framework; path = /System/Library/Frameworks/CoreVideo.framework; sourceTree = "<absolute>"; };
		558811428F23455789F7AFC5 /* serial.h */ = {isa = PBXFileReference; lastKnownFileType = sourcecode.c.h; name = serial.h; path = ../../../lib/serial/include/serial/serial.h; sourceTree = "<group>"; };
		5F0AAEB92F374748A5D85608 /* list_ports_win.cc */ = {isa = PBXFileReference; lastKnownFileType = "\"\""; name = list_ports_win.cc; path = ../../../lib/serial/src/impl/list_ports/list_ports_win.cc; sourceTree = "<group>"; };
		625EBEDB56D3430F98B98845 /* unix.cc */ = {isa = PBXFileReference; lastKnownFileType = "\"\""; name = unix.cc; path = ../../../lib/serial/src/impl/unix.cc; sourceTree = "<group>"; };
		82903DF1EC7A4F11B3A7721A /* CinderApp.icns */ = {isa = PBXFileReference; lastKnownFileType = image.icns; name = CinderApp.icns; path = ../resources/CinderApp.icns; sourceTree = "<group>"; };
		8D1107320486CEB800E47090 /* ColorPicker.app */ = {isa = PBXFileReference; explicitFileType = wrapper.application; includeInIndex = 0; path = ColorPicker.app; sourceTree = BUILT_PRODUCTS_DIR; };
		8FBCB4A947C14CB8972B671E /* Resources.h */ = {isa = PBXFileReference; lastKnownFileType = sourcecode.c.h; name = Resources.h; path = ../include/Resources.h; sourceTree = "<group>"; };
		A3FCD4885ED843099809B6B7 /* list_ports_linux.cc */ = {isa = PBXFileReference; lastKnownFileType = "\"\""; name = list_ports_linux.cc; path = ../../../lib/serial/src/impl/list_ports/list_ports_linux.cc; sourceTree = "<group>"; };
		A56D8EB75AB944A6BDEE859A /* Info.plist */ = {isa = PBXFileReference; lastKnownFileType = text.plist.xml; path = Info.plist; sourceTree = "<group>"; };
		A7C3C349765744DFAB7BEBB4 /* ColorPicker_Prefix.pch */ = {isa = PBXFileReference; lastKnownFileType = "\"\""; path = ColorPicker_Prefix.pch; sourceTree = "<group>"; };
		AC0E256555E945AEABA20CD6 /* Cinder-Serial.h */ = {isa = PBXFileReference; lastKnownFileType = sourcecode.c.h; name = "Cinder-Serial.h"; path = "../../../include/Cinder-Serial.h"; sourceTree = "<group>"; };
		AEEA8C409B87438A8ED1980D /* win.h */ = {isa = PBXFileReference; lastKnownFileType = sourcecode.c.h; name = win.h; path = ../../../lib/serial/include/serial/impl/win.h; sourceTree = "<group>"; };
		D7FAA263DAA245C9A3263229 /* win.cc */ = {isa = PBXFileReference; lastKnownFileType = "\"\""; name = win.cc; path = ../../../lib/serial/src/impl/win.cc; sourceTree = "<group>"; };
		E18C2C0A7BB648C3A08D62A2 /* SerialDevice.h */ = {isa = PBXFileReference; lastKnownFileType = sourcecode.c.h; name = SerialDevice.h; path = ../../../include/SerialDevice.h; sourceTree = "<group>"; };
		E575BDE517B04D29991A59C8 /* ColorPickerApp.cpp */ = {isa = PBXFileReference; lastKnownFileType = sourcecode.c.cpp; name = ColorPickerApp.cpp; path = ../src/ColorPickerApp.cpp; sourceTree = "<group>"; };
		E86B260413AC47EAB5114F28 /* serial.cc */ = {isa = PBXFileReference; lastKnownFileType = "\"\""; name = serial.cc; path = ../../../lib/serial/src/serial.cc; sourceTree = "<group>"; };
		F63D9BB3257A4436BAA3F1D8 /* list_ports_osx.cc */ = {isa = PBXFileReference; lastKnownFileType = "\"\""; name = list_ports_osx.cc; path = ../../../lib/serial/src/impl/list_ports/list_ports_osx.cc; sourceTree = "<group>"; };
		F6640B6C493945F4BF89860B /* unix.h */ = {isa = PBXFileReference; lastKnownFileType = sourcecode.c.h; name = unix.h; path = ../../../lib/serial/include/serial/impl/unix.h; sourceTree = "<group>"; };
/* End PBXFileReference section */

/* Begin PBXFrameworksBuildPhase section */
		8D11072E0486CEB800E47090 /* Frameworks */ = {
			isa = PBXFrameworksBuildPhase;
			buildActionMask = 2147483647;
			files = (
				006D720419952D00008149E2 /* AVFoundation.framework in Frameworks */,
				006D720519952D00008149E2 /* CoreMedia.framework in Frameworks */,
				8D11072F0486CEB800E47090 /* Cocoa.framework in Frameworks */,
				0091D8F90E81B9330029341E /* OpenGL.framework in Frameworks */,
				5323E6B20EAFCA74003A9687 /* CoreVideo.framework in Frameworks */,
				00B784B30FF439BC000DE1D7 /* Accelerate.framework in Frameworks */,
				00B784B40FF439BC000DE1D7 /* AudioToolbox.framework in Frameworks */,
				00B784B50FF439BC000DE1D7 /* AudioUnit.framework in Frameworks */,
				00B784B60FF439BC000DE1D7 /* CoreAudio.framework in Frameworks */,
				00B9955A1B128DF400A5C623 /* IOKit.framework in Frameworks */,
				00B9955B1B128DF400A5C623 /* IOSurface.framework in Frameworks */,
			);
			runOnlyForDeploymentPostprocessing = 0;
		};
/* End PBXFrameworksBuildPhase section */

/* Begin PBXGroup section */
		01B97315FEAEA392516A2CEA /* Blocks */ = {
			isa = PBXGroup;
			children = (
				6D88A926F4C44AB784292161 /* Serial */,
			);
			name = Blocks;
			sourceTree = "<group>";
		};
		03560D487EB94524BC5C9832 /* impl */ = {
			isa = PBXGroup;
			children = (
				F6640B6C493945F4BF89860B /* unix.h */,
				AEEA8C409B87438A8ED1980D /* win.h */,
			);
			name = impl;
			sourceTree = "<group>";
		};
		080E96DDFE201D6D7F000001 /* Source */ = {
			isa = PBXGroup;
			children = (
				E575BDE517B04D29991A59C8 /* ColorPickerApp.cpp */,
			);
			name = Source;
			sourceTree = "<group>";
		};
		1058C7A0FEA54F0111CA2CBB /* Linked Frameworks */ = {
			isa = PBXGroup;
			children = (
				006D720219952D00008149E2 /* AVFoundation.framework */,
				006D720319952D00008149E2 /* CoreMedia.framework */,
				00B784AF0FF439BC000DE1D7 /* Accelerate.framework */,
				00B784B00FF439BC000DE1D7 /* AudioToolbox.framework */,
				00B784B10FF439BC000DE1D7 /* AudioUnit.framework */,
				00B784B20FF439BC000DE1D7 /* CoreAudio.framework */,
				5323E6B10EAFCA74003A9687 /* CoreVideo.framework */,
				0091D8F80E81B9330029341E /* OpenGL.framework */,
				1058C7A1FEA54F0111CA2CBB /* Cocoa.framework */,
				00B995581B128DF400A5C623 /* IOKit.framework */,
				00B995591B128DF400A5C623 /* IOSurface.framework */,
			);
			name = "Linked Frameworks";
			sourceTree = "<group>";
		};
		1058C7A2FEA54F0111CA2CBB /* Other Frameworks */ = {
			isa = PBXGroup;
			children = (
				29B97324FDCFA39411CA2CEA /* AppKit.framework */,
				29B97325FDCFA39411CA2CEA /* Foundation.framework */,
			);
			name = "Other Frameworks";
			sourceTree = "<group>";
		};
		19C28FACFE9D520D11CA2CBB /* Products */ = {
			isa = PBXGroup;
			children = (
				8D1107320486CEB800E47090 /* ColorPicker.app */,
			);
			name = Products;
			sourceTree = "<group>";
		};
		29B97314FDCFA39411CA2CEA /* ColorPicker */ = {
			isa = PBXGroup;
			children = (
				01B97315FEAEA392516A2CEA /* Blocks */,
				29B97315FDCFA39411CA2CEA /* Headers */,
				080E96DDFE201D6D7F000001 /* Source */,
				29B97317FDCFA39411CA2CEA /* Resources */,
				29B97323FDCFA39411CA2CEA /* Frameworks */,
				19C28FACFE9D520D11CA2CBB /* Products */,
			);
			name = ColorPicker;
			sourceTree = "<group>";
		};
		29B97315FDCFA39411CA2CEA /* Headers */ = {
			isa = PBXGroup;
			children = (
				8FBCB4A947C14CB8972B671E /* Resources.h */,
				A7C3C349765744DFAB7BEBB4 /* ColorPicker_Prefix.pch */,
			);
			name = Headers;
			sourceTree = "<group>";
		};
		29B97317FDCFA39411CA2CEA /* Resources */ = {
			isa = PBXGroup;
			children = (
				82903DF1EC7A4F11B3A7721A /* CinderApp.icns */,
				A56D8EB75AB944A6BDEE859A /* Info.plist */,
			);
			name = Resources;
			sourceTree = "<group>";
		};
		29B97323FDCFA39411CA2CEA /* Frameworks */ = {
			isa = PBXGroup;
			children = (
				1058C7A0FEA54F0111CA2CBB /* Linked Frameworks */,
				1058C7A2FEA54F0111CA2CBB /* Other Frameworks */,
			);
			name = Frameworks;
			sourceTree = "<group>";
		};
		2B1961FCD83D474F884F099C /* impl */ = {
			isa = PBXGroup;
			children = (
				D325C90AE22140D3AB8F47A5 /* list_ports */,
				625EBEDB56D3430F98B98845 /* unix.cc */,
				D7FAA263DAA245C9A3263229 /* win.cc */,
			);
			name = impl;
			sourceTree = "<group>";
		};
		50C25017FF1C45989F7BCC65 /* src */ = {
			isa = PBXGroup;
			children = (
				2B1961FCD83D474F884F099C /* impl */,
				E86B260413AC47EAB5114F28 /* serial.cc */,
			);
			name = src;
			sourceTree = "<group>";
		};
		61020E31B41C476C909AD32D /* serial */ = {
			isa = PBXGroup;
			children = (
				651CF48312BC4ADD973570C8 /* include */,
				50C25017FF1C45989F7BCC65 /* src */,
			);
			name = serial;
			sourceTree = "<group>";
		};
		651CF48312BC4ADD973570C8 /* include */ = {
			isa = PBXGroup;
			children = (
				E93B573373A1463188E8B70C /* serial */,
			);
			name = include;
			sourceTree = "<group>";
		};
		6D88A926F4C44AB784292161 /* Serial */ = {
			isa = PBXGroup;
			children = (
				ABC83BB7735648AA8CF819A8 /* include */,
				DDD2BEBB4E1948EEB86FDF11 /* src */,
				9DB3F84267C44F339B5F377F /* lib */,
			);
			name = Serial;
			sourceTree = "<group>";
		};
		9DB3F84267C44F339B5F377F /* lib */ = {
			isa = PBXGroup;
			children = (
				61020E31B41C476C909AD32D /* serial */,
			);
			name = lib;
			sourceTree = "<group>";
		};
		ABC83BB7735648AA8CF819A8 /* include */ = {
			isa = PBXGroup;
			children = (
				AC0E256555E945AEABA20CD6 /* Cinder-Serial.h */,
				E18C2C0A7BB648C3A08D62A2 /* SerialDevice.h */,
			);
			name = include;
			sourceTree = "<group>";
		};
		D325C90AE22140D3AB8F47A5 /* list_ports */ = {
			isa = PBXGroup;
			children = (
				A3FCD4885ED843099809B6B7 /* list_ports_linux.cc */,
				F63D9BB3257A4436BAA3F1D8 /* list_ports_osx.cc */,
				5F0AAEB92F374748A5D85608 /* list_ports_win.cc */,
			);
			name = list_ports;
			sourceTree = "<group>";
		};
		DDD2BEBB4E1948EEB86FDF11 /* src */ = {
			isa = PBXGroup;
			children = (
				166EEEFF86D24343B4F9B3FE /* SerialDevice.cpp */,
			);
			name = src;
			sourceTree = "<group>";
		};
		E93B573373A1463188E8B70C /* serial */ = {
			isa = PBXGroup;
			children = (
				03560D487EB94524BC5C9832 /* impl */,
				558811428F23455789F7AFC5 /* serial.h */,
				074812678EBF424DB11AF23D /* v8stdint.h */,
			);
			name = serial;
			sourceTree = "<group>";
		};
/* End PBXGroup section */

/* Begin PBXNativeTarget section */
		8D1107260486CEB800E47090 /* ColorPicker */ = {
			isa = PBXNativeTarget;
			buildConfigurationList = C01FCF4A08A954540054247B /* Build configuration list for PBXNativeTarget "ColorPicker" */;
			buildPhases = (
				8D1107290486CEB800E47090 /* Resources */,
				8D11072C0486CEB800E47090 /* Sources */,
				8D11072E0486CEB800E47090 /* Frameworks */,
			);
			buildRules = (
			);
			dependencies = (
			);
			name = ColorPicker;
			productInstallPath = "$(HOME)/Applications";
			productName = ColorPicker;
			productReference = 8D1107320486CEB800E47090 /* ColorPicker.app */;
			productType = "com.apple.product-type.application";
		};
/* End PBXNativeTarget section */

/* Begin PBXProject section */
		29B97313FDCFA39411CA2CEA /* Project object */ = {
			isa = PBXProject;
			attributes = {
			};
			buildConfigurationList = C01FCF4E08A954540054247B /* Build configuration list for PBXProject "ColorPicker" */;
			compatibilityVersion = "Xcode 3.2";
			developmentRegion = English;
			hasScannedForEncodings = 1;
			knownRegions = (
				English,
				Japanese,
				French,
				German,
			);
			mainGroup = 29B97314FDCFA39411CA2CEA /* ColorPicker */;
			projectDirPath = "";
			projectRoot = "";
			targets = (
				8D1107260486CEB800E47090 /* ColorPicker */,
			);
		};
/* End PBXProject section */

/* Begin PBXResourcesBuildPhase section */
		8D1107290486CEB800E47090 /* Resources */ = {
			isa = PBXResourcesBuildPhase;
			buildActionMask = 2147483647;
			files = (
				030EBA09AE2C4BF095C881CE /* CinderApp.icns in Resources */,
			);
			runOnlyForDeploymentPostprocessing = 0;
		};
/* End PBXResourcesBuildPhase section */

/* Begin PBXSourcesBuildPhase section */
		8D11072C0486CEB800E47090 /* Sources */ = {
			isa = PBXSourcesBuildPhase;
			buildActionMask = 2147483647;
			files = (
				3EEC5B9CCFF54CD9B98A8A58 /* ColorPickerApp.cpp in Sources */,
				C12B7445E75B4EA6BAE6D5B9 /* SerialDevice.cpp in Sources */,
				B4420CF5F7DD4D53ABBA446E /* list_ports_linux.cc in Sources */,
				362F295907FC40E89392A557 /* list_ports_osx.cc in Sources */,
				496EA6B4965D42BE8F87BF95 /* list_ports_win.cc in Sources */,
				32916C46A59A48A399CFC8E8 /* unix.cc in Sources */,
				E0A056E4375445AFAD4D995F /* win.cc in Sources */,
				824D92A05D5348CE82EACC16 /* serial.cc in Sources */,
			);
			runOnlyForDeploymentPostprocessing = 0;
		};
/* End PBXSourcesBuildPhase section */

/* Begin XCBuildConfiguration section */
		C01FCF4B08A954540054247B /* Debug */ = {
			isa = XCBuildConfiguration;
			buildSettings = {
				COMBINE_HIDPI_IMAGES = YES;
				COPY_PHASE_STRIP = NO;
				DEAD_CODE_STRIPPING = YES;
				GCC_DYNAMIC_NO_PIC = NO;
				GCC_INLINES_ARE_PRIVATE_EXTERN = YES;
				GCC_OPTIMIZATION_LEVEL = 0;
				GCC_PRECOMPILE_PREFIX_HEADER = YES;
				GCC_PREFIX_HEADER = ColorPicker_Prefix.pch;
				GCC_PREPROCESSOR_DEFINITIONS = (
					"DEBUG=1",
					"$(inherited)",
				);
				GCC_SYMBOLS_PRIVATE_EXTERN = NO;
				INFOPLIST_FILE = Info.plist;
				INSTALL_PATH = "$(HOME)/Applications";
				OTHER_LDFLAGS = "\"$(CINDER_PATH)/lib/libcinder_d.a\"";
				PRODUCT_BUNDLE_IDENTIFIER = com.chordedconstructions.ColorPicker;
				PRODUCT_NAME = ColorPicker;
				SYMROOT = ./build;
				WRAPPER_EXTENSION = app;
			};
			name = Debug;
		};
		C01FCF4C08A954540054247B /* Release */ = {
			isa = XCBuildConfiguration;
			buildSettings = {
				COMBINE_HIDPI_IMAGES = YES;
				DEAD_CODE_STRIPPING = YES;
				DEBUG_INFORMATION_FORMAT = "dwarf-with-dsym";
				GCC_FAST_MATH = YES;
				GCC_GENERATE_DEBUGGING_SYMBOLS = NO;
				GCC_INLINES_ARE_PRIVATE_EXTERN = YES;
				GCC_OPTIMIZATION_LEVEL = 3;
				GCC_PRECOMPILE_PREFIX_HEADER = YES;
				GCC_PREFIX_HEADER = ColorPicker_Prefix.pch;
				GCC_PREPROCESSOR_DEFINITIONS = (
					"NDEBUG=1",
					"$(inherited)",
				);
				GCC_SYMBOLS_PRIVATE_EXTERN = NO;
				INFOPLIST_FILE = Info.plist;
				INSTALL_PATH = "$(HOME)/Applications";
				OTHER_LDFLAGS = "\"$(CINDER_PATH)/lib/libcinder.a\"";
				PRODUCT_BUNDLE_IDENTIFIER = com.chordedconstructions.ColorPicker;
				PRODUCT_NAME = ColorPicker;
				STRIP_INSTALLED_PRODUCT = YES;
				SYMROOT = ./build;
				WRAPPER_EXTENSION = app;
			};
			name = Release;
		};
		C01FCF4F08A954540054247B /* Debug */ = {
			isa = XCBuildConfiguration;
			buildSettings = {
				ALWAYS_SEARCH_USER_PATHS = NO;
				CINDER_PATH = ../../../../..;
				CLANG_CXX_LANGUAGE_STANDARD = "gnu++0x";
				CLANG_CXX_LIBRARY = "libc++";
				ENABLE_TESTABILITY = YES;
				GCC_WARN_ABOUT_RETURN_TYPE = YES;
				GCC_WARN_UNUSED_VARIABLE = YES;
				HEADER_SEARCH_PATHS = (
					"\"$(CINDER_PATH)/include\"",
					../../../lib/serial/include,
				);
				MACOSX_DEPLOYMENT_TARGET = 10.8;
				ONLY_ACTIVE_ARCH = YES;
				SDKROOT = macosx;
				USER_HEADER_SEARCH_PATHS = "\"$(CINDER_PATH)/include\" ../include";
			};
			name = Debug;
		};
		C01FCF5008A954540054247B /* Release */ = {
			isa = XCBuildConfiguration;
			buildSettings = {
				ALWAYS_SEARCH_USER_PATHS = NO;
				CINDER_PATH = ../../../../..;
				CLANG_CXX_LANGUAGE_STANDARD = "gnu++0x";
				CLANG_CXX_LIBRARY = "libc++";
				GCC_WARN_ABOUT_RETURN_TYPE = YES;
				GCC_WARN_UNUSED_VARIABLE = YES;
				HEADER_SEARCH_PATHS = (
					"\"$(CINDER_PATH)/include\"",
					../../../lib/serial/include,
				);
				MACOSX_DEPLOYMENT_TARGET = 10.8;
				SDKROOT = macosx;
				USER_HEADER_SEARCH_PATHS = "\"$(CINDER_PATH)/include\" ../include";
			};
			name = Release;
		};
/* End XCBuildConfiguration section */

/* Begin XCConfigurationList section */
		C01FCF4A08A954540054247B /* Build configuration list for PBXNativeTarget "ColorPicker" */ = {
			isa = XCConfigurationList;
			buildConfigurations = (
				C01FCF4B08A954540054247B /* Debug */,
				C01FCF4C08A954540054247B /* Release */,
			);
			defaultConfigurationIsVisible = 0;
			defaultConfigurationName = Release;
		};
		C01FCF4E08A954540054247B /* Build configuration list for PBXProject "ColorPicker" */ = {
			isa = XCConfigurationList;
			buildConfigurations = (
				C01FCF4F08A954540054247B /* Debug */,
				C01FCF5008A954540054247B /* Release */,
			);
			defaultConfigurationIsVisible = 0;
			defaultConfigurationName = Release;
		};
/* End XCConfigurationList section */
	};
	rootObject = 29B97313FDCFA39411CA2CEA /* Project object */;
}
